Microsoft Visual Studio Solution File, Format Version 12.00
# Visual Studio Version 17
VisualStudioVersion = 17.5.2.0
MinimumVisualStudioVersion = 10.0.40219.1
Project("{2150E333-8FDC-42A3-9474-1A3956D46DE8}") = "buildwinop", "buildwinop", "{F5E248EB-261B-4705-4989-7282C6A198D1}"
EndProject
Project("{FAE04EC0-301F-11D3-BF4B-00C04F79EFBC}") = "Win11optimizer", "buildwinop\Win11optimizer.csproj", "{4B74D4D5-0059-E689-3BF4-97868C4C04D3}"
EndProject
Global
	GlobalSection(SolutionConfigurationPlatforms) = preSolution
		Debug|Any CPU = Debug|Any CPU
		Release|Any CPU = Release|Any CPU
	EndGlobalSection
	GlobalSection(ProjectConfigurationPlatforms) = postSolution
		{4B74D4D5-0059-E689-3BF4-97868C4C04D3}.Debug|Any CPU.ActiveCfg = Debug|Any CPU
		{4B74D4D5-0059-E689-3BF4-97868C4C04D3}.Debug|Any CPU.Build.0 = Debug|Any CPU
		{4B74D4D5-0059-E689-3BF4-97868C4C04D3}.Release|Any CPU.ActiveCfg = Release|Any CPU
		{4B74D4D5-0059-E689-3BF4-97868C4C04D3}.Release|Any CPU.Build.0 = Release|Any CPU
	EndGlobalSection
	GlobalSection(SolutionProperties) = preSolution
		HideSolutionNode = FALSE
	EndGlobalSection
	GlobalSection(NestedProjects) = preSolution
		{4B74D4D5-0059-E689-3BF4-97868C4C04D3} = {F5E248EB-261B-4705-4989-7282C6A198D1}
	EndGlobalSection
	GlobalSection(ExtensibilityGlobals) = postSolution
		SolutionGuid = {D4E9D032-7A4B-4E64-BE29-CDF567035864}
	EndGlobalSection
EndGlobal
